// !$*UTF8*$!
{
	archiveVersion = 1;
	classes = {
	};
	objectVersion = 51;
	objects = {

/* Begin PBXBuildFile section */
		8A264A9518F0F973ECCFD615 /* Pods_MovieApplication.framework in Frameworks */ = {isa = PBXBuildFile; fileRef = 3C289C7146BFF322CD483A91 /* Pods_MovieApplication.framework */; };
		AD584B5F23F14DD8001A241C /* EndPointType.swift in Sources */ = {isa = PBXBuildFile; fileRef = AD584B5E23F14DD8001A241C /* EndPointType.swift */; };
		AD584B6123F14EA8001A241C /* HTTPMethod.swift in Sources */ = {isa = PBXBuildFile; fileRef = AD584B6023F14EA8001A241C /* HTTPMethod.swift */; };
		AD584B6323F14F07001A241C /* HTTPTask.swift in Sources */ = {isa = PBXBuildFile; fileRef = AD584B6223F14F07001A241C /* HTTPTask.swift */; };
		AD584B6523F15113001A241C /* ParameterEncoding.swift in Sources */ = {isa = PBXBuildFile; fileRef = AD584B6423F15113001A241C /* ParameterEncoding.swift */; };
		AD584B6723F153B6001A241C /* URLParameterEncoder.swift in Sources */ = {isa = PBXBuildFile; fileRef = AD584B6623F153B6001A241C /* URLParameterEncoder.swift */; };
		AD584B6923F15675001A241C /* JSONParameterEncoder.swift in Sources */ = {isa = PBXBuildFile; fileRef = AD584B6823F15674001A241C /* JSONParameterEncoder.swift */; };
		AD584B6B23F157FC001A241C /* NetworkRouter.swift in Sources */ = {isa = PBXBuildFile; fileRef = AD584B6A23F157FC001A241C /* NetworkRouter.swift */; };
		AD584B6D23F15CD8001A241C /* Router.swift in Sources */ = {isa = PBXBuildFile; fileRef = AD584B6C23F15CD8001A241C /* Router.swift */; };
		AD584B6F23F16604001A241C /* MovieEndPoint.swift in Sources */ = {isa = PBXBuildFile; fileRef = AD584B6E23F16604001A241C /* MovieEndPoint.swift */; };
		AD584B7223F167FC001A241C /* MovieModel.swift in Sources */ = {isa = PBXBuildFile; fileRef = AD584B7123F167FC001A241C /* MovieModel.swift */; };
		AD584B7423F16875001A241C /* NetworkManager.swift in Sources */ = {isa = PBXBuildFile; fileRef = AD584B7323F16875001A241C /* NetworkManager.swift */; };
		AD825F7123E96A420053975E /* CastMovieCollectionViewCell.swift in Sources */ = {isa = PBXBuildFile; fileRef = AD825F7023E96A420053975E /* CastMovieCollectionViewCell.swift */; };
		AD825F7B23E97C780053975E /* ProgramDetailViewController.swift in Sources */ = {isa = PBXBuildFile; fileRef = AD825F7A23E97C780053975E /* ProgramDetailViewController.swift */; };
		AD83BA6523E86D350091963F /* Genre.swift in Sources */ = {isa = PBXBuildFile; fileRef = AD83BA6423E86D350091963F /* Genre.swift */; };
		AD83BA6723E875960091963F /* UIColor+Extensions.swift in Sources */ = {isa = PBXBuildFile; fileRef = AD83BA6623E875960091963F /* UIColor+Extensions.swift */; };
		AD8A702023F64982008EF1A8 /* CreditModel.swift in Sources */ = {isa = PBXBuildFile; fileRef = AD8A701F23F64982008EF1A8 /* CreditModel.swift */; };
		AD8C3EC123E7FA8600E28F42 /* General.swift in Sources */ = {isa = PBXBuildFile; fileRef = AD8C3EC023E7FA8600E28F42 /* General.swift */; };
		AD8C3EC423E80A8900E28F42 /* UIImageView+Extensions.swift in Sources */ = {isa = PBXBuildFile; fileRef = AD8C3EC323E80A8900E28F42 /* UIImageView+Extensions.swift */; };
		AD8C3ECC23E811D200E28F42 /* Program.swift in Sources */ = {isa = PBXBuildFile; fileRef = AD8C3ECB23E811D200E28F42 /* Program.swift */; };
		AD8C3ECE23E8160400E28F42 /* ProgramCollectionViewController.swift in Sources */ = {isa = PBXBuildFile; fileRef = AD8C3ECD23E8160400E28F42 /* ProgramCollectionViewController.swift */; };
		AD8C3ED023E816BF00E28F42 /* ProgramCollectionViewCell.swift in Sources */ = {isa = PBXBuildFile; fileRef = AD8C3ECF23E816BF00E28F42 /* ProgramCollectionViewCell.swift */; };
		AD8C3ED223E818A700E28F42 /* ProgramApi.swift in Sources */ = {isa = PBXBuildFile; fileRef = AD8C3ED123E818A700E28F42 /* ProgramApi.swift */; };
		AD8C3ED423E81E2800E28F42 /* Person.swift in Sources */ = {isa = PBXBuildFile; fileRef = AD8C3ED323E81E2800E28F42 /* Person.swift */; };
		AD8C3ED623E81F7B00E28F42 /* PersonApi.swift in Sources */ = {isa = PBXBuildFile; fileRef = AD8C3ED523E81F7B00E28F42 /* PersonApi.swift */; };
		AD8C3ED823E81FB900E28F42 /* Popular.swift in Sources */ = {isa = PBXBuildFile; fileRef = AD8C3ED723E81FB900E28F42 /* Popular.swift */; };
		AD8C3EDA23E8207C00E28F42 /* PersonCollectionViewController.swift in Sources */ = {isa = PBXBuildFile; fileRef = AD8C3ED923E8207C00E28F42 /* PersonCollectionViewController.swift */; };
		AD8C3EDC23E8209600E28F42 /* PersonCollectionViewCell.swift in Sources */ = {isa = PBXBuildFile; fileRef = AD8C3EDB23E8209600E28F42 /* PersonCollectionViewCell.swift */; };
		AD8FFAE923F13E9F0042E76D /* MoviesViewController.swift in Sources */ = {isa = PBXBuildFile; fileRef = AD8FFAE823F13E9F0042E76D /* MoviesViewController.swift */; };
		AD8FFAEC23F13FF20042E76D /* OnTVCell.swift in Sources */ = {isa = PBXBuildFile; fileRef = AD8FFAEA23F13FF20042E76D /* OnTVCell.swift */; };
		AD8FFAED23F13FF20042E76D /* OnTVCell.xib in Resources */ = {isa = PBXBuildFile; fileRef = AD8FFAEB23F13FF20042E76D /* OnTVCell.xib */; };
		AD8FFAF223F141100042E76D /* InTheaterCell.swift in Sources */ = {isa = PBXBuildFile; fileRef = AD8FFAF023F141100042E76D /* InTheaterCell.swift */; };
		AD8FFAF323F141100042E76D /* InTheaterCell.xib in Resources */ = {isa = PBXBuildFile; fileRef = AD8FFAF123F141100042E76D /* InTheaterCell.xib */; };
		AD8FFAF623F141870042E76D /* FeaturedCell.swift in Sources */ = {isa = PBXBuildFile; fileRef = AD8FFAF423F141870042E76D /* FeaturedCell.swift */; };
		AD8FFAF723F141870042E76D /* FeaturedCell.xib in Resources */ = {isa = PBXBuildFile; fileRef = AD8FFAF523F141870042E76D /* FeaturedCell.xib */; };
		AD90BBC923F4EFF400720739 /* LoadMoreActivityIndicator.swift in Sources */ = {isa = PBXBuildFile; fileRef = AD90BBC823F4EFF400720739 /* LoadMoreActivityIndicator.swift */; };
		AD90BBCB23F4F77700720739 /* MovieDetailViewController.swift in Sources */ = {isa = PBXBuildFile; fileRef = AD90BBCA23F4F77700720739 /* MovieDetailViewController.swift */; };
		AD90BBCE23F4F84500720739 /* HeaderMovieDetailCell.swift in Sources */ = {isa = PBXBuildFile; fileRef = AD90BBCC23F4F84500720739 /* HeaderMovieDetailCell.swift */; };
		AD90BBCF23F4F84500720739 /* HeaderMovieDetailCell.xib in Resources */ = {isa = PBXBuildFile; fileRef = AD90BBCD23F4F84500720739 /* HeaderMovieDetailCell.xib */; };
		AD90BBD823F4FF3300720739 /* InfoMovieDetailCell.swift in Sources */ = {isa = PBXBuildFile; fileRef = AD90BBD623F4FF3300720739 /* InfoMovieDetailCell.swift */; };
		AD90BBD923F4FF3300720739 /* InfoMovieDetailCell.xib in Resources */ = {isa = PBXBuildFile; fileRef = AD90BBD723F4FF3300720739 /* InfoMovieDetailCell.xib */; };
		AD90BBDC23F5009D00720739 /* CastMovieDetailCell.swift in Sources */ = {isa = PBXBuildFile; fileRef = AD90BBDA23F5009D00720739 /* CastMovieDetailCell.swift */; };
		AD90BBDD23F5009D00720739 /* CastMovieDetailCell.xib in Resources */ = {isa = PBXBuildFile; fileRef = AD90BBDB23F5009D00720739 /* CastMovieDetailCell.xib */; };
		AD90BBE023F5024000720739 /* CastInMovieDetailCell.swift in Sources */ = {isa = PBXBuildFile; fileRef = AD90BBDE23F5024000720739 /* CastInMovieDetailCell.swift */; };
		AD90BBE123F5024000720739 /* CastInMovieDetailCell.xib in Resources */ = {isa = PBXBuildFile; fileRef = AD90BBDF23F5024000720739 /* CastInMovieDetailCell.xib */; };
		AD90BBE423F506E000720739 /* SeasonInMovieDetailCell.swift in Sources */ = {isa = PBXBuildFile; fileRef = AD90BBE223F506E000720739 /* SeasonInMovieDetailCell.swift */; };
		AD90BBE523F506E000720739 /* SeasonInMovieDetailCell.xib in Resources */ = {isa = PBXBuildFile; fileRef = AD90BBE323F506E000720739 /* SeasonInMovieDetailCell.xib */; };
		AD90BBE823F50A6500720739 /* SocialMovieDetailCell.swift in Sources */ = {isa = PBXBuildFile; fileRef = AD90BBE623F50A6500720739 /* SocialMovieDetailCell.swift */; };
		AD90BBE923F50A6500720739 /* SocialMovieDetailCell.xib in Resources */ = {isa = PBXBuildFile; fileRef = AD90BBE723F50A6500720739 /* SocialMovieDetailCell.xib */; };
		AD91BFE223EA544F003C1FA3 /* PersonDetailViewController.swift in Sources */ = {isa = PBXBuildFile; fileRef = AD91BFE123EA544F003C1FA3 /* PersonDetailViewController.swift */; };
		AD91BFE723EA78C2003C1FA3 /* FilterMovieViewController.swift in Sources */ = {isa = PBXBuildFile; fileRef = AD91BFE623EA78C2003C1FA3 /* FilterMovieViewController.swift */; };
		AD934C1023ED6AAB0060FCFA /* GenresCell.swift in Sources */ = {isa = PBXBuildFile; fileRef = AD934C0F23ED6AAB0060FCFA /* GenresCell.swift */; };
		AD93C70623FA9D3F00580961 /* MediaMovieDetailCell.swift in Sources */ = {isa = PBXBuildFile; fileRef = AD93C70423FA9D3F00580961 /* MediaMovieDetailCell.swift */; };
		AD93C70723FA9D3F00580961 /* MediaMovieDetailCell.xib in Resources */ = {isa = PBXBuildFile; fileRef = AD93C70523FA9D3F00580961 /* MediaMovieDetailCell.xib */; };
		AD93DF1923F28FD100C8A6D8 /* TelevisionModel.swift in Sources */ = {isa = PBXBuildFile; fileRef = AD93DF1823F28FD100C8A6D8 /* TelevisionModel.swift */; };
		AD93DF1F23F29DC700C8A6D8 /* TelevisionEndPoint.swift in Sources */ = {isa = PBXBuildFile; fileRef = AD93DF1E23F29DC700C8A6D8 /* TelevisionEndPoint.swift */; };
		AD93DF2923F2BA7800C8A6D8 /* MovieCell.swift in Sources */ = {isa = PBXBuildFile; fileRef = AD93DF2723F2BA7800C8A6D8 /* MovieCell.swift */; };
		AD93DF2A23F2BA7800C8A6D8 /* MovieCell.xib in Resources */ = {isa = PBXBuildFile; fileRef = AD93DF2823F2BA7800C8A6D8 /* MovieCell.xib */; };
		AD94B62723E3BE9D004DF36D /* AppDelegate.swift in Sources */ = {isa = PBXBuildFile; fileRef = AD94B62623E3BE9D004DF36D /* AppDelegate.swift */; };
		AD94B62923E3BE9D004DF36D /* SceneDelegate.swift in Sources */ = {isa = PBXBuildFile; fileRef = AD94B62823E3BE9D004DF36D /* SceneDelegate.swift */; };
		AD94B62E23E3BE9D004DF36D /* Main.storyboard in Resources */ = {isa = PBXBuildFile; fileRef = AD94B62C23E3BE9D004DF36D /* Main.storyboard */; };
		AD94B63023E3BEA2004DF36D /* Assets.xcassets in Resources */ = {isa = PBXBuildFile; fileRef = AD94B62F23E3BEA2004DF36D /* Assets.xcassets */; };
		AD94B63323E3BEA2004DF36D /* LaunchScreen.storyboard in Resources */ = {isa = PBXBuildFile; fileRef = AD94B63123E3BEA2004DF36D /* LaunchScreen.storyboard */; };
		AD9FCA4E23E3E694009A902F /* Api.swift in Sources */ = {isa = PBXBuildFile; fileRef = AD9FCA4D23E3E694009A902F /* Api.swift */; };
		AD9FCA5423E4179C009A902F /* TopRate.swift in Sources */ = {isa = PBXBuildFile; fileRef = AD9FCA5323E4179C009A902F /* TopRate.swift */; };
		ADB0C73523F3E9B5005B5E42 /* FeatureMovieCell.swift in Sources */ = {isa = PBXBuildFile; fileRef = ADB0C73323F3E9B5005B5E42 /* FeatureMovieCell.swift */; };
		ADB0C73623F3E9B5005B5E42 /* FeatureMovieCell.xib in Resources */ = {isa = PBXBuildFile; fileRef = ADB0C73423F3E9B5005B5E42 /* FeatureMovieCell.xib */; };
		ADB0C73823F40004005B5E42 /* MovieListViewController.swift in Sources */ = {isa = PBXBuildFile; fileRef = ADB0C73723F40004005B5E42 /* MovieListViewController.swift */; };
		ADB0C73A23F4011F005B5E42 /* MovieListCell.swift in Sources */ = {isa = PBXBuildFile; fileRef = ADB0C73923F4011F005B5E42 /* MovieListCell.swift */; };
		ADE8733223FA36D800A10DC1 /* DiscussionCell.swift in Sources */ = {isa = PBXBuildFile; fileRef = ADE8733023FA36D800A10DC1 /* DiscussionCell.swift */; };
		ADE8733323FA36D800A10DC1 /* DiscussionCell.xib in Resources */ = {isa = PBXBuildFile; fileRef = ADE8733123FA36D800A10DC1 /* DiscussionCell.xib */; };
/* End PBXBuildFile section */

/* Begin PBXFileReference section */
		3C289C7146BFF322CD483A91 /* Pods_MovieApplication.framework */ = {isa = PBXFileReference; explicitFileType = wrapper.framework; includeInIndex = 0; path = Pods_MovieApplication.framework; sourceTree = BUILT_PRODUCTS_DIR; };
		95C472B4FA5EE3BADC2C5A74 /* Pods-MovieApplication.release.xcconfig */ = {isa = PBXFileReference; includeInIndex = 1; lastKnownFileType = text.xcconfig; name = "Pods-MovieApplication.release.xcconfig"; path = "Target Support Files/Pods-MovieApplication/Pods-MovieApplication.release.xcconfig"; sourceTree = "<group>"; };
		AD584B5E23F14DD8001A241C /* EndPointType.swift */ = {isa = PBXFileReference; lastKnownFileType = sourcecode.swift; path = EndPointType.swift; sourceTree = "<group>"; };
		AD584B6023F14EA8001A241C /* HTTPMethod.swift */ = {isa = PBXFileReference; lastKnownFileType = sourcecode.swift; path = HTTPMethod.swift; sourceTree = "<group>"; };
		AD584B6223F14F07001A241C /* HTTPTask.swift */ = {isa = PBXFileReference; lastKnownFileType = sourcecode.swift; path = HTTPTask.swift; sourceTree = "<group>"; };
		AD584B6423F15113001A241C /* ParameterEncoding.swift */ = {isa = PBXFileReference; lastKnownFileType = sourcecode.swift; path = ParameterEncoding.swift; sourceTree = "<group>"; };
		AD584B6623F153B6001A241C /* URLParameterEncoder.swift */ = {isa = PBXFileReference; lastKnownFileType = sourcecode.swift; path = URLParameterEncoder.swift; sourceTree = "<group>"; };
		AD584B6823F15674001A241C /* JSONParameterEncoder.swift */ = {isa = PBXFileReference; lastKnownFileType = sourcecode.swift; path = JSONParameterEncoder.swift; sourceTree = "<group>"; };
		AD584B6A23F157FC001A241C /* NetworkRouter.swift */ = {isa = PBXFileReference; lastKnownFileType = sourcecode.swift; path = NetworkRouter.swift; sourceTree = "<group>"; };
		AD584B6C23F15CD8001A241C /* Router.swift */ = {isa = PBXFileReference; lastKnownFileType = sourcecode.swift; path = Router.swift; sourceTree = "<group>"; };
		AD584B6E23F16604001A241C /* MovieEndPoint.swift */ = {isa = PBXFileReference; lastKnownFileType = sourcecode.swift; path = MovieEndPoint.swift; sourceTree = "<group>"; };
		AD584B7123F167FC001A241C /* MovieModel.swift */ = {isa = PBXFileReference; lastKnownFileType = sourcecode.swift; path = MovieModel.swift; sourceTree = "<group>"; };
		AD584B7323F16875001A241C /* NetworkManager.swift */ = {isa = PBXFileReference; lastKnownFileType = sourcecode.swift; path = NetworkManager.swift; sourceTree = "<group>"; };
		AD825F7023E96A420053975E /* CastMovieCollectionViewCell.swift */ = {isa = PBXFileReference; lastKnownFileType = sourcecode.swift; path = CastMovieCollectionViewCell.swift; sourceTree = "<group>"; };
		AD825F7A23E97C780053975E /* ProgramDetailViewController.swift */ = {isa = PBXFileReference; lastKnownFileType = sourcecode.swift; path = ProgramDetailViewController.swift; sourceTree = "<group>"; };
		AD83BA6423E86D350091963F /* Genre.swift */ = {isa = PBXFileReference; lastKnownFileType = sourcecode.swift; path = Genre.swift; sourceTree = "<group>"; };
		AD83BA6623E875960091963F /* UIColor+Extensions.swift */ = {isa = PBXFileReference; lastKnownFileType = sourcecode.swift; path = "UIColor+Extensions.swift"; sourceTree = "<group>"; };
		AD8A701F23F64982008EF1A8 /* CreditModel.swift */ = {isa = PBXFileReference; lastKnownFileType = sourcecode.swift; path = CreditModel.swift; sourceTree = "<group>"; };
		AD8C3EC023E7FA8600E28F42 /* General.swift */ = {isa = PBXFileReference; lastKnownFileType = sourcecode.swift; path = General.swift; sourceTree = "<group>"; };
		AD8C3EC323E80A8900E28F42 /* UIImageView+Extensions.swift */ = {isa = PBXFileReference; lastKnownFileType = sourcecode.swift; path = "UIImageView+Extensions.swift"; sourceTree = "<group>"; };
		AD8C3ECB23E811D200E28F42 /* Program.swift */ = {isa = PBXFileReference; lastKnownFileType = sourcecode.swift; path = Program.swift; sourceTree = "<group>"; };
		AD8C3ECD23E8160400E28F42 /* ProgramCollectionViewController.swift */ = {isa = PBXFileReference; lastKnownFileType = sourcecode.swift; path = ProgramCollectionViewController.swift; sourceTree = "<group>"; };
		AD8C3ECF23E816BF00E28F42 /* ProgramCollectionViewCell.swift */ = {isa = PBXFileReference; lastKnownFileType = sourcecode.swift; path = ProgramCollectionViewCell.swift; sourceTree = "<group>"; };
		AD8C3ED123E818A700E28F42 /* ProgramApi.swift */ = {isa = PBXFileReference; lastKnownFileType = sourcecode.swift; path = ProgramApi.swift; sourceTree = "<group>"; };
		AD8C3ED323E81E2800E28F42 /* Person.swift */ = {isa = PBXFileReference; lastKnownFileType = sourcecode.swift; path = Person.swift; sourceTree = "<group>"; };
		AD8C3ED523E81F7B00E28F42 /* PersonApi.swift */ = {isa = PBXFileReference; lastKnownFileType = sourcecode.swift; path = PersonApi.swift; sourceTree = "<group>"; };
		AD8C3ED723E81FB900E28F42 /* Popular.swift */ = {isa = PBXFileReference; lastKnownFileType = sourcecode.swift; path = Popular.swift; sourceTree = "<group>"; };
		AD8C3ED923E8207C00E28F42 /* PersonCollectionViewController.swift */ = {isa = PBXFileReference; lastKnownFileType = sourcecode.swift; path = PersonCollectionViewController.swift; sourceTree = "<group>"; };
		AD8C3EDB23E8209600E28F42 /* PersonCollectionViewCell.swift */ = {isa = PBXFileReference; lastKnownFileType = sourcecode.swift; path = PersonCollectionViewCell.swift; sourceTree = "<group>"; };
		AD8FFAE823F13E9F0042E76D /* MoviesViewController.swift */ = {isa = PBXFileReference; lastKnownFileType = sourcecode.swift; path = MoviesViewController.swift; sourceTree = "<group>"; };
		AD8FFAEA23F13FF20042E76D /* OnTVCell.swift */ = {isa = PBXFileReference; lastKnownFileType = sourcecode.swift; path = OnTVCell.swift; sourceTree = "<group>"; };
		AD8FFAEB23F13FF20042E76D /* OnTVCell.xib */ = {isa = PBXFileReference; lastKnownFileType = file.xib; path = OnTVCell.xib; sourceTree = "<group>"; };
		AD8FFAF023F141100042E76D /* InTheaterCell.swift */ = {isa = PBXFileReference; lastKnownFileType = sourcecode.swift; path = InTheaterCell.swift; sourceTree = "<group>"; };
		AD8FFAF123F141100042E76D /* InTheaterCell.xib */ = {isa = PBXFileReference; lastKnownFileType = file.xib; path = InTheaterCell.xib; sourceTree = "<group>"; };
		AD8FFAF423F141870042E76D /* FeaturedCell.swift */ = {isa = PBXFileReference; lastKnownFileType = sourcecode.swift; path = FeaturedCell.swift; sourceTree = "<group>"; };
		AD8FFAF523F141870042E76D /* FeaturedCell.xib */ = {isa = PBXFileReference; lastKnownFileType = file.xib; path = FeaturedCell.xib; sourceTree = "<group>"; };
		AD90BBC823F4EFF400720739 /* LoadMoreActivityIndicator.swift */ = {isa = PBXFileReference; lastKnownFileType = sourcecode.swift; path = LoadMoreActivityIndicator.swift; sourceTree = "<group>"; };
		AD90BBCA23F4F77700720739 /* MovieDetailViewController.swift */ = {isa = PBXFileReference; lastKnownFileType = sourcecode.swift; path = MovieDetailViewController.swift; sourceTree = "<group>"; };
		AD90BBCC23F4F84500720739 /* HeaderMovieDetailCell.swift */ = {isa = PBXFileReference; lastKnownFileType = sourcecode.swift; path = HeaderMovieDetailCell.swift; sourceTree = "<group>"; };
		AD90BBCD23F4F84500720739 /* HeaderMovieDetailCell.xib */ = {isa = PBXFileReference; lastKnownFileType = file.xib; path = HeaderMovieDetailCell.xib; sourceTree = "<group>"; };
		AD90BBD623F4FF3300720739 /* InfoMovieDetailCell.swift */ = {isa = PBXFileReference; lastKnownFileType = sourcecode.swift; path = InfoMovieDetailCell.swift; sourceTree = "<group>"; };
		AD90BBD723F4FF3300720739 /* InfoMovieDetailCell.xib */ = {isa = PBXFileReference; lastKnownFileType = file.xib; path = InfoMovieDetailCell.xib; sourceTree = "<group>"; };
		AD90BBDA23F5009D00720739 /* CastMovieDetailCell.swift */ = {isa = PBXFileReference; lastKnownFileType = sourcecode.swift; path = CastMovieDetailCell.swift; sourceTree = "<group>"; };
		AD90BBDB23F5009D00720739 /* CastMovieDetailCell.xib */ = {isa = PBXFileReference; lastKnownFileType = file.xib; path = CastMovieDetailCell.xib; sourceTree = "<group>"; };
		AD90BBDE23F5024000720739 /* CastInMovieDetailCell.swift */ = {isa = PBXFileReference; lastKnownFileType = sourcecode.swift; path = CastInMovieDetailCell.swift; sourceTree = "<group>"; };
		AD90BBDF23F5024000720739 /* CastInMovieDetailCell.xib */ = {isa = PBXFileReference; lastKnownFileType = file.xib; path = CastInMovieDetailCell.xib; sourceTree = "<group>"; };
		AD90BBE223F506E000720739 /* SeasonInMovieDetailCell.swift */ = {isa = PBXFileReference; lastKnownFileType = sourcecode.swift; path = SeasonInMovieDetailCell.swift; sourceTree = "<group>"; };
		AD90BBE323F506E000720739 /* SeasonInMovieDetailCell.xib */ = {isa = PBXFileReference; lastKnownFileType = file.xib; path = SeasonInMovieDetailCell.xib; sourceTree = "<group>"; };
		AD90BBE623F50A6500720739 /* SocialMovieDetailCell.swift */ = {isa = PBXFileReference; lastKnownFileType = sourcecode.swift; path = SocialMovieDetailCell.swift; sourceTree = "<group>"; };
		AD90BBE723F50A6500720739 /* SocialMovieDetailCell.xib */ = {isa = PBXFileReference; lastKnownFileType = file.xib; path = SocialMovieDetailCell.xib; sourceTree = "<group>"; };
		AD91BFE123EA544F003C1FA3 /* PersonDetailViewController.swift */ = {isa = PBXFileReference; lastKnownFileType = sourcecode.swift; path = PersonDetailViewController.swift; sourceTree = "<group>"; };
		AD91BFE623EA78C2003C1FA3 /* FilterMovieViewController.swift */ = {isa = PBXFileReference; lastKnownFileType = sourcecode.swift; path = FilterMovieViewController.swift; sourceTree = "<group>"; };
		AD934C0F23ED6AAB0060FCFA /* GenresCell.swift */ = {isa = PBXFileReference; lastKnownFileType = sourcecode.swift; path = GenresCell.swift; sourceTree = "<group>"; };
		AD93C70423FA9D3F00580961 /* MediaMovieDetailCell.swift */ = {isa = PBXFileReference; lastKnownFileType = sourcecode.swift; path = MediaMovieDetailCell.swift; sourceTree = "<group>"; };
		AD93C70523FA9D3F00580961 /* MediaMovieDetailCell.xib */ = {isa = PBXFileReference; lastKnownFileType = file.xib; path = MediaMovieDetailCell.xib; sourceTree = "<group>"; };
		AD93DF1823F28FD100C8A6D8 /* TelevisionModel.swift */ = {isa = PBXFileReference; lastKnownFileType = sourcecode.swift; path = TelevisionModel.swift; sourceTree = "<group>"; };
		AD93DF1E23F29DC700C8A6D8 /* TelevisionEndPoint.swift */ = {isa = PBXFileReference; lastKnownFileType = sourcecode.swift; path = TelevisionEndPoint.swift; sourceTree = "<group>"; };
		AD93DF2723F2BA7800C8A6D8 /* MovieCell.swift */ = {isa = PBXFileReference; lastKnownFileType = sourcecode.swift; path = MovieCell.swift; sourceTree = "<group>"; };
		AD93DF2823F2BA7800C8A6D8 /* MovieCell.xib */ = {isa = PBXFileReference; lastKnownFileType = file.xib; path = MovieCell.xib; sourceTree = "<group>"; };
		AD94B62323E3BE9D004DF36D /* MovieApplication.app */ = {isa = PBXFileReference; explicitFileType = wrapper.application; includeInIndex = 0; path = MovieApplication.app; sourceTree = BUILT_PRODUCTS_DIR; };
		AD94B62623E3BE9D004DF36D /* AppDelegate.swift */ = {isa = PBXFileReference; lastKnownFileType = sourcecode.swift; path = AppDelegate.swift; sourceTree = "<group>"; };
		AD94B62823E3BE9D004DF36D /* SceneDelegate.swift */ = {isa = PBXFileReference; lastKnownFileType = sourcecode.swift; path = SceneDelegate.swift; sourceTree = "<group>"; };
		AD94B62D23E3BE9D004DF36D /* Base */ = {isa = PBXFileReference; lastKnownFileType = file.storyboard; name = Base; path = Base.lproj/Main.storyboard; sourceTree = "<group>"; };
		AD94B62F23E3BEA2004DF36D /* Assets.xcassets */ = {isa = PBXFileReference; lastKnownFileType = folder.assetcatalog; path = Assets.xcassets; sourceTree = "<group>"; };
		AD94B63223E3BEA2004DF36D /* Base */ = {isa = PBXFileReference; lastKnownFileType = file.storyboard; name = Base; path = Base.lproj/LaunchScreen.storyboard; sourceTree = "<group>"; };
		AD94B63423E3BEA2004DF36D /* Info.plist */ = {isa = PBXFileReference; lastKnownFileType = text.plist.xml; path = Info.plist; sourceTree = "<group>"; };
		AD9FCA4D23E3E694009A902F /* Api.swift */ = {isa = PBXFileReference; lastKnownFileType = sourcecode.swift; path = Api.swift; sourceTree = "<group>"; };
		AD9FCA5323E4179C009A902F /* TopRate.swift */ = {isa = PBXFileReference; lastKnownFileType = sourcecode.swift; path = TopRate.swift; sourceTree = "<group>"; };
		ADB0C73323F3E9B5005B5E42 /* FeatureMovieCell.swift */ = {isa = PBXFileReference; lastKnownFileType = sourcecode.swift; path = FeatureMovieCell.swift; sourceTree = "<group>"; };
		ADB0C73423F3E9B5005B5E42 /* FeatureMovieCell.xib */ = {isa = PBXFileReference; lastKnownFileType = file.xib; path = FeatureMovieCell.xib; sourceTree = "<group>"; };
		ADB0C73723F40004005B5E42 /* MovieListViewController.swift */ = {isa = PBXFileReference; lastKnownFileType = sourcecode.swift; path = MovieListViewController.swift; sourceTree = "<group>"; };
		ADB0C73923F4011F005B5E42 /* MovieListCell.swift */ = {isa = PBXFileReference; lastKnownFileType = sourcecode.swift; path = MovieListCell.swift; sourceTree = "<group>"; };
		ADE8733023FA36D800A10DC1 /* DiscussionCell.swift */ = {isa = PBXFileReference; lastKnownFileType = sourcecode.swift; path = DiscussionCell.swift; sourceTree = "<group>"; };
		ADE8733123FA36D800A10DC1 /* DiscussionCell.xib */ = {isa = PBXFileReference; lastKnownFileType = file.xib; path = DiscussionCell.xib; sourceTree = "<group>"; };
		CFC1CC0C4A27CB44D76B102D /* Pods-MovieApplication.debug.xcconfig */ = {isa = PBXFileReference; includeInIndex = 1; lastKnownFileType = text.xcconfig; name = "Pods-MovieApplication.debug.xcconfig"; path = "Target Support Files/Pods-MovieApplication/Pods-MovieApplication.debug.xcconfig"; sourceTree = "<group>"; };
/* End PBXFileReference section */

/* Begin PBXFrameworksBuildPhase section */
		AD94B62023E3BE9D004DF36D /* Frameworks */ = {
			isa = PBXFrameworksBuildPhase;
			buildActionMask = 2147483647;
			files = (
				8A264A9518F0F973ECCFD615 /* Pods_MovieApplication.framework in Frameworks */,
			);
			runOnlyForDeploymentPostprocessing = 0;
		};
/* End PBXFrameworksBuildPhase section */

/* Begin PBXGroup section */
		002E56A36B5DA4CACB6C3843 /* Pods */ = {
			isa = PBXGroup;
			children = (
				CFC1CC0C4A27CB44D76B102D /* Pods-MovieApplication.debug.xcconfig */,
				95C472B4FA5EE3BADC2C5A74 /* Pods-MovieApplication.release.xcconfig */,
			);
			path = Pods;
			sourceTree = "<group>";
		};
		780752BF4222AD3488F9995C /* Frameworks */ = {
			isa = PBXGroup;
			children = (
				3C289C7146BFF322CD483A91 /* Pods_MovieApplication.framework */,
			);
			name = Frameworks;
			sourceTree = "<group>";
		};
		AD584B5923F14BF8001A241C /* Networking */ = {
			isa = PBXGroup;
			children = (
				AD584B5D23F14C29001A241C /* EndCoding */,
				AD584B5C23F14C1E001A241C /* Service */,
				AD584B5B23F14C12001A241C /* Manager */,
				AD584B5A23F14C04001A241C /* EndPoint */,
			);
			path = Networking;
			sourceTree = "<group>";
		};
		AD584B5A23F14C04001A241C /* EndPoint */ = {
			isa = PBXGroup;
			children = (
				AD584B5E23F14DD8001A241C /* EndPointType.swift */,
				AD584B6E23F16604001A241C /* MovieEndPoint.swift */,
				AD93DF1E23F29DC700C8A6D8 /* TelevisionEndPoint.swift */,
			);
			path = EndPoint;
			sourceTree = "<group>";
		};
		AD584B5B23F14C12001A241C /* Manager */ = {
			isa = PBXGroup;
			children = (
				AD584B7323F16875001A241C /* NetworkManager.swift */,
			);
			path = Manager;
			sourceTree = "<group>";
		};
		AD584B5C23F14C1E001A241C /* Service */ = {
			isa = PBXGroup;
			children = (
				AD584B6023F14EA8001A241C /* HTTPMethod.swift */,
				AD584B6223F14F07001A241C /* HTTPTask.swift */,
				AD584B6A23F157FC001A241C /* NetworkRouter.swift */,
				AD584B6C23F15CD8001A241C /* Router.swift */,
			);
			path = Service;
			sourceTree = "<group>";
		};
		AD584B5D23F14C29001A241C /* EndCoding */ = {
			isa = PBXGroup;
			children = (
				AD584B6423F15113001A241C /* ParameterEncoding.swift */,
				AD584B6623F153B6001A241C /* URLParameterEncoder.swift */,
				AD584B6823F15674001A241C /* JSONParameterEncoder.swift */,
			);
			path = EndCoding;
			sourceTree = "<group>";
		};
		AD584B7023F167E6001A241C /* Model */ = {
			isa = PBXGroup;
			children = (
				AD584B7123F167FC001A241C /* MovieModel.swift */,
				AD93DF1823F28FD100C8A6D8 /* TelevisionModel.swift */,
				AD83BA6423E86D350091963F /* Genre.swift */,
				AD8A701F23F64982008EF1A8 /* CreditModel.swift */,
			);
			path = Model;
			sourceTree = "<group>";
		};
		AD8C3EC223E80A6300E28F42 /* Extensions */ = {
			isa = PBXGroup;
			children = (
				AD8C3EC323E80A8900E28F42 /* UIImageView+Extensions.swift */,
				AD83BA6623E875960091963F /* UIColor+Extensions.swift */,
			);
			path = Extensions;
			sourceTree = "<group>";
		};
		AD93DF2423F2BA3000C8A6D8 /* Cell */ = {
			isa = PBXGroup;
			children = (
				AD8FFAEA23F13FF20042E76D /* OnTVCell.swift */,
				AD8FFAEB23F13FF20042E76D /* OnTVCell.xib */,
				AD8FFAF023F141100042E76D /* InTheaterCell.swift */,
				AD8FFAF123F141100042E76D /* InTheaterCell.xib */,
				AD8FFAF423F141870042E76D /* FeaturedCell.swift */,
				AD8FFAF523F141870042E76D /* FeaturedCell.xib */,
				AD93DF2723F2BA7800C8A6D8 /* MovieCell.swift */,
				AD93DF2823F2BA7800C8A6D8 /* MovieCell.xib */,
				ADB0C73323F3E9B5005B5E42 /* FeatureMovieCell.swift */,
				ADB0C73423F3E9B5005B5E42 /* FeatureMovieCell.xib */,
				ADB0C73923F4011F005B5E42 /* MovieListCell.swift */,
				AD90BBCC23F4F84500720739 /* HeaderMovieDetailCell.swift */,
				AD90BBCD23F4F84500720739 /* HeaderMovieDetailCell.xib */,
				AD90BBD623F4FF3300720739 /* InfoMovieDetailCell.swift */,
				AD90BBD723F4FF3300720739 /* InfoMovieDetailCell.xib */,
				AD90BBDA23F5009D00720739 /* CastMovieDetailCell.swift */,
				AD90BBDB23F5009D00720739 /* CastMovieDetailCell.xib */,
				AD90BBDE23F5024000720739 /* CastInMovieDetailCell.swift */,
				AD90BBDF23F5024000720739 /* CastInMovieDetailCell.xib */,
				AD90BBE223F506E000720739 /* SeasonInMovieDetailCell.swift */,
				AD90BBE323F506E000720739 /* SeasonInMovieDetailCell.xib */,
				AD90BBE623F50A6500720739 /* SocialMovieDetailCell.swift */,
				AD90BBE723F50A6500720739 /* SocialMovieDetailCell.xib */,
				ADE8733023FA36D800A10DC1 /* DiscussionCell.swift */,
				ADE8733123FA36D800A10DC1 /* DiscussionCell.xib */,
				AD93C70423FA9D3F00580961 /* MediaMovieDetailCell.swift */,
				AD93C70523FA9D3F00580961 /* MediaMovieDetailCell.xib */,
			);
			path = Cell;
			sourceTree = "<group>";
		};
		AD94B61A23E3BE9C004DF36D = {
			isa = PBXGroup;
			children = (
				AD94B62523E3BE9D004DF36D /* MovieApplication */,
				AD94B62423E3BE9D004DF36D /* Products */,
				002E56A36B5DA4CACB6C3843 /* Pods */,
				780752BF4222AD3488F9995C /* Frameworks */,
			);
			sourceTree = "<group>";
		};
		AD94B62423E3BE9D004DF36D /* Products */ = {
			isa = PBXGroup;
			children = (
				AD94B62323E3BE9D004DF36D /* MovieApplication.app */,
			);
			name = Products;
			sourceTree = "<group>";
		};
		AD94B62523E3BE9D004DF36D /* MovieApplication */ = {
			isa = PBXGroup;
			children = (
				AD584B7023F167E6001A241C /* Model */,
				AD584B5923F14BF8001A241C /* Networking */,
				AD8C3EC223E80A6300E28F42 /* Extensions */,
				AD9FCA4C23E3E675009A902F /* Models */,
				AD9FCA4623E3C0B2009A902F /* ViewController */,
				AD94B62623E3BE9D004DF36D /* AppDelegate.swift */,
				AD94B62823E3BE9D004DF36D /* SceneDelegate.swift */,
				AD94B62C23E3BE9D004DF36D /* Main.storyboard */,
				AD94B62F23E3BEA2004DF36D /* Assets.xcassets */,
				AD94B63123E3BEA2004DF36D /* LaunchScreen.storyboard */,
				AD94B63423E3BEA2004DF36D /* Info.plist */,
			);
			path = MovieApplication;
			sourceTree = "<group>";
		};
		AD9FCA4623E3C0B2009A902F /* ViewController */ = {
			isa = PBXGroup;
			children = (
				AD93DF2423F2BA3000C8A6D8 /* Cell */,
				AD9FCA4923E3C15E009A902F /* View */,
				AD91BFE123EA544F003C1FA3 /* PersonDetailViewController.swift */,
				AD8C3ECD23E8160400E28F42 /* ProgramCollectionViewController.swift */,
				AD8C3ED923E8207C00E28F42 /* PersonCollectionViewController.swift */,
				AD825F7A23E97C780053975E /* ProgramDetailViewController.swift */,
				AD91BFE623EA78C2003C1FA3 /* FilterMovieViewController.swift */,
				AD8FFAE823F13E9F0042E76D /* MoviesViewController.swift */,
				ADB0C73723F40004005B5E42 /* MovieListViewController.swift */,
				AD90BBCA23F4F77700720739 /* MovieDetailViewController.swift */,
			);
			path = ViewController;
			sourceTree = "<group>";
		};
		AD9FCA4923E3C15E009A902F /* View */ = {
			isa = PBXGroup;
			children = (
				AD8C3ECF23E816BF00E28F42 /* ProgramCollectionViewCell.swift */,
				AD8C3EDB23E8209600E28F42 /* PersonCollectionViewCell.swift */,
				AD825F7023E96A420053975E /* CastMovieCollectionViewCell.swift */,
				AD934C0F23ED6AAB0060FCFA /* GenresCell.swift */,
				AD90BBC823F4EFF400720739 /* LoadMoreActivityIndicator.swift */,
			);
			path = View;
			sourceTree = "<group>";
		};
		AD9FCA4C23E3E675009A902F /* Models */ = {
			isa = PBXGroup;
			children = (
				AD9FCA4D23E3E694009A902F /* Api.swift */,
				AD9FCA5323E4179C009A902F /* TopRate.swift */,
				AD8C3EC023E7FA8600E28F42 /* General.swift */,
				AD8C3ECB23E811D200E28F42 /* Program.swift */,
				AD8C3ED123E818A700E28F42 /* ProgramApi.swift */,
				AD8C3ED323E81E2800E28F42 /* Person.swift */,
				AD8C3ED523E81F7B00E28F42 /* PersonApi.swift */,
				AD8C3ED723E81FB900E28F42 /* Popular.swift */,
			);
			path = Models;
			sourceTree = "<group>";
		};
/* End PBXGroup section */

/* Begin PBXNativeTarget section */
		AD94B62223E3BE9D004DF36D /* MovieApplication */ = {
			isa = PBXNativeTarget;
			buildConfigurationList = AD94B63723E3BEA2004DF36D /* Build configuration list for PBXNativeTarget "MovieApplication" */;
			buildPhases = (
				21C3650EA0D51C69D78E3A15 /* [CP] Check Pods Manifest.lock */,
				AD94B61F23E3BE9D004DF36D /* Sources */,
				AD94B62023E3BE9D004DF36D /* Frameworks */,
				AD94B62123E3BE9D004DF36D /* Resources */,
				86E94E0DAEE111767FBF1258 /* [CP] Embed Pods Frameworks */,
			);
			buildRules = (
			);
			dependencies = (
			);
			name = MovieApplication;
			productName = MovieApplication;
			productReference = AD94B62323E3BE9D004DF36D /* MovieApplication.app */;
			productType = "com.apple.product-type.application";
		};
/* End PBXNativeTarget section */

/* Begin PBXProject section */
		AD94B61B23E3BE9C004DF36D /* Project object */ = {
			isa = PBXProject;
			attributes = {
				LastSwiftUpdateCheck = 1130;
				LastUpgradeCheck = 1130;
				ORGANIZATIONNAME = Catalina;
				TargetAttributes = {
					AD94B62223E3BE9D004DF36D = {
						CreatedOnToolsVersion = 11.3.1;
					};
				};
			};
			buildConfigurationList = AD94B61E23E3BE9C004DF36D /* Build configuration list for PBXProject "MovieApplication" */;
			compatibilityVersion = "Xcode 9.3";
			developmentRegion = en;
			hasScannedForEncodings = 0;
			knownRegions = (
				en,
				Base,
			);
			mainGroup = AD94B61A23E3BE9C004DF36D;
			productRefGroup = AD94B62423E3BE9D004DF36D /* Products */;
			projectDirPath = "";
			projectRoot = "";
			targets = (
				AD94B62223E3BE9D004DF36D /* MovieApplication */,
			);
		};
/* End PBXProject section */

/* Begin PBXResourcesBuildPhase section */
		AD94B62123E3BE9D004DF36D /* Resources */ = {
			isa = PBXResourcesBuildPhase;
			buildActionMask = 2147483647;
			files = (
				AD90BBE923F50A6500720739 /* SocialMovieDetailCell.xib in Resources */,
				AD8FFAED23F13FF20042E76D /* OnTVCell.xib in Resources */,
				ADB0C73623F3E9B5005B5E42 /* FeatureMovieCell.xib in Resources */,
				AD90BBCF23F4F84500720739 /* HeaderMovieDetailCell.xib in Resources */,
				AD90BBD923F4FF3300720739 /* InfoMovieDetailCell.xib in Resources */,
				AD93DF2A23F2BA7800C8A6D8 /* MovieCell.xib in Resources */,
				AD8FFAF723F141870042E76D /* FeaturedCell.xib in Resources */,
				AD8FFAF323F141100042E76D /* InTheaterCell.xib in Resources */,
				AD90BBE123F5024000720739 /* CastInMovieDetailCell.xib in Resources */,
				ADE8733323FA36D800A10DC1 /* DiscussionCell.xib in Resources */,
				AD90BBE523F506E000720739 /* SeasonInMovieDetailCell.xib in Resources */,
				AD94B63323E3BEA2004DF36D /* LaunchScreen.storyboard in Resources */,
				AD93C70723FA9D3F00580961 /* MediaMovieDetailCell.xib in Resources */,
				AD90BBDD23F5009D00720739 /* CastMovieDetailCell.xib in Resources */,
				AD94B63023E3BEA2004DF36D /* Assets.xcassets in Resources */,
				AD94B62E23E3BE9D004DF36D /* Main.storyboard in Resources */,
			);
			runOnlyForDeploymentPostprocessing = 0;
		};
/* End PBXResourcesBuildPhase section */

/* Begin PBXShellScriptBuildPhase section */
		21C3650EA0D51C69D78E3A15 /* [CP] Check Pods Manifest.lock */ = {
			isa = PBXShellScriptBuildPhase;
			buildActionMask = 2147483647;
			files = (
			);
			inputFileListPaths = (
			);
			inputPaths = (
				"${PODS_PODFILE_DIR_PATH}/Podfile.lock",
				"${PODS_ROOT}/Manifest.lock",
			);
			name = "[CP] Check Pods Manifest.lock";
			outputFileListPaths = (
			);
			outputPaths = (
				"$(DERIVED_FILE_DIR)/Pods-MovieApplication-checkManifestLockResult.txt",
			);
			runOnlyForDeploymentPostprocessing = 0;
			shellPath = /bin/sh;
			shellScript = "diff \"${PODS_PODFILE_DIR_PATH}/Podfile.lock\" \"${PODS_ROOT}/Manifest.lock\" > /dev/null\nif [ $? != 0 ] ; then\n    # print error to STDERR\n    echo \"error: The sandbox is not in sync with the Podfile.lock. Run 'pod install' or update your CocoaPods installation.\" >&2\n    exit 1\nfi\n# This output is used by Xcode 'outputs' to avoid re-running this script phase.\necho \"SUCCESS\" > \"${SCRIPT_OUTPUT_FILE_0}\"\n";
			showEnvVarsInLog = 0;
		};
		86E94E0DAEE111767FBF1258 /* [CP] Embed Pods Frameworks */ = {
			isa = PBXShellScriptBuildPhase;
			buildActionMask = 2147483647;
			files = (
			);
			inputFileListPaths = (
				"${PODS_ROOT}/Target Support Files/Pods-MovieApplication/Pods-MovieApplication-frameworks-${CONFIGURATION}-input-files.xcfilelist",
			);
			name = "[CP] Embed Pods Frameworks";
			outputFileListPaths = (
				"${PODS_ROOT}/Target Support Files/Pods-MovieApplication/Pods-MovieApplication-frameworks-${CONFIGURATION}-output-files.xcfilelist",
			);
			runOnlyForDeploymentPostprocessing = 0;
			shellPath = /bin/sh;
			shellScript = "\"${PODS_ROOT}/Target Support Files/Pods-MovieApplication/Pods-MovieApplication-frameworks.sh\"\n";
			showEnvVarsInLog = 0;
		};
/* End PBXShellScriptBuildPhase section */

/* Begin PBXSourcesBuildPhase section */
		AD94B61F23E3BE9D004DF36D /* Sources */ = {
			isa = PBXSourcesBuildPhase;
			buildActionMask = 2147483647;
			files = (
				AD584B6323F14F07001A241C /* HTTPTask.swift in Sources */,
				AD8C3ED423E81E2800E28F42 /* Person.swift in Sources */,
				AD8C3EC423E80A8900E28F42 /* UIImageView+Extensions.swift in Sources */,
				AD8C3ED023E816BF00E28F42 /* ProgramCollectionViewCell.swift in Sources */,
				AD90BBE023F5024000720739 /* CastInMovieDetailCell.swift in Sources */,
				AD825F7123E96A420053975E /* CastMovieCollectionViewCell.swift in Sources */,
				AD8C3EDA23E8207C00E28F42 /* PersonCollectionViewController.swift in Sources */,
				ADE8733223FA36D800A10DC1 /* DiscussionCell.swift in Sources */,
				AD584B6523F15113001A241C /* ParameterEncoding.swift in Sources */,
				ADB0C73823F40004005B5E42 /* MovieListViewController.swift in Sources */,
				AD584B6723F153B6001A241C /* URLParameterEncoder.swift in Sources */,
				ADB0C73523F3E9B5005B5E42 /* FeatureMovieCell.swift in Sources */,
				AD83BA6523E86D350091963F /* Genre.swift in Sources */,
				AD825F7B23E97C780053975E /* ProgramDetailViewController.swift in Sources */,
				AD8C3EDC23E8209600E28F42 /* PersonCollectionViewCell.swift in Sources */,
				AD584B7423F16875001A241C /* NetworkManager.swift in Sources */,
				AD90BBC923F4EFF400720739 /* LoadMoreActivityIndicator.swift in Sources */,
				AD8C3ED823E81FB900E28F42 /* Popular.swift in Sources */,
				AD93DF2923F2BA7800C8A6D8 /* MovieCell.swift in Sources */,
				AD90BBE823F50A6500720739 /* SocialMovieDetailCell.swift in Sources */,
				AD8C3EC123E7FA8600E28F42 /* General.swift in Sources */,
				AD934C1023ED6AAB0060FCFA /* GenresCell.swift in Sources */,
				AD584B6123F14EA8001A241C /* HTTPMethod.swift in Sources */,
				AD94B62723E3BE9D004DF36D /* AppDelegate.swift in Sources */,
				AD93C70623FA9D3F00580961 /* MediaMovieDetailCell.swift in Sources */,
				AD90BBCB23F4F77700720739 /* MovieDetailViewController.swift in Sources */,
				AD8C3ED223E818A700E28F42 /* ProgramApi.swift in Sources */,
				AD93DF1923F28FD100C8A6D8 /* TelevisionModel.swift in Sources */,
				AD584B5F23F14DD8001A241C /* EndPointType.swift in Sources */,
				AD94B62923E3BE9D004DF36D /* SceneDelegate.swift in Sources */,
				AD93DF1F23F29DC700C8A6D8 /* TelevisionEndPoint.swift in Sources */,
				AD8C3ECE23E8160400E28F42 /* ProgramCollectionViewController.swift in Sources */,
				AD8A702023F64982008EF1A8 /* CreditModel.swift in Sources */,
				AD90BBDC23F5009D00720739 /* CastMovieDetailCell.swift in Sources */,
				AD8C3ED623E81F7B00E28F42 /* PersonApi.swift in Sources */,
				AD584B6D23F15CD8001A241C /* Router.swift in Sources */,
				AD8FFAF623F141870042E76D /* FeaturedCell.swift in Sources */,
				AD9FCA4E23E3E694009A902F /* Api.swift in Sources */,
				AD90BBCE23F4F84500720739 /* HeaderMovieDetailCell.swift in Sources */,
				AD8FFAEC23F13FF20042E76D /* OnTVCell.swift in Sources */,
				AD8FFAF223F141100042E76D /* InTheaterCell.swift in Sources */,
				AD584B6923F15675001A241C /* JSONParameterEncoder.swift in Sources */,
				ADB0C73A23F4011F005B5E42 /* MovieListCell.swift in Sources */,
				AD90BBD823F4FF3300720739 /* InfoMovieDetailCell.swift in Sources */,
				AD8C3ECC23E811D200E28F42 /* Program.swift in Sources */,
				AD91BFE223EA544F003C1FA3 /* PersonDetailViewController.swift in Sources */,
				AD83BA6723E875960091963F /* UIColor+Extensions.swift in Sources */,
				AD8FFAE923F13E9F0042E76D /* MoviesViewController.swift in Sources */,
				AD584B6B23F157FC001A241C /* NetworkRouter.swift in Sources */,
				AD9FCA5423E4179C009A902F /* TopRate.swift in Sources */,
				AD91BFE723EA78C2003C1FA3 /* FilterMovieViewController.swift in Sources */,
				AD584B6F23F16604001A241C /* MovieEndPoint.swift in Sources */,
				AD584B7223F167FC001A241C /* MovieModel.swift in Sources */,
				AD90BBE423F506E000720739 /* SeasonInMovieDetailCell.swift in Sources */,
			);
			runOnlyForDeploymentPostprocessing = 0;
		};
/* End PBXSourcesBuildPhase section */

/* Begin PBXVariantGroup section */
		AD94B62C23E3BE9D004DF36D /* Main.storyboard */ = {
			isa = PBXVariantGroup;
			children = (
				AD94B62D23E3BE9D004DF36D /* Base */,
			);
			name = Main.storyboard;
			sourceTree = "<group>";
		};
		AD94B63123E3BEA2004DF36D /* LaunchScreen.storyboard */ = {
			isa = PBXVariantGroup;
			children = (
				AD94B63223E3BEA2004DF36D /* Base */,
			);
			name = LaunchScreen.storyboard;
			sourceTree = "<group>";
		};
/* End PBXVariantGroup section */

/* Begin XCBuildConfiguration section */
		AD94B63523E3BEA2004DF36D /* Debug */ = {
			isa = XCBuildConfiguration;
			buildSettings = {
				ALWAYS_SEARCH_USER_PATHS = NO;
				CLANG_ANALYZER_NONNULL = YES;
				CLANG_ANALYZER_NUMBER_OBJECT_CONVERSION = YES_AGGRESSIVE;
				CLANG_CXX_LANGUAGE_STANDARD = "gnu++14";
				CLANG_CXX_LIBRARY = "libc++";
				CLANG_ENABLE_MODULES = YES;
				CLANG_ENABLE_OBJC_ARC = YES;
				CLANG_ENABLE_OBJC_WEAK = YES;
				CLANG_WARN_BLOCK_CAPTURE_AUTORELEASING = YES;
				CLANG_WARN_BOOL_CONVERSION = YES;
				CLANG_WARN_COMMA = YES;
				CLANG_WARN_CONSTANT_CONVERSION = YES;
				CLANG_WARN_DEPRECATED_OBJC_IMPLEMENTATIONS = YES;
				CLANG_WARN_DIRECT_OBJC_ISA_USAGE = YES_ERROR;
				CLANG_WARN_DOCUMENTATION_COMMENTS = YES;
				CLANG_WARN_EMPTY_BODY = YES;
				CLANG_WARN_ENUM_CONVERSION = YES;
				CLANG_WARN_INFINITE_RECURSION = YES;
				CLANG_WARN_INT_CONVERSION = YES;
				CLANG_WARN_NON_LITERAL_NULL_CONVERSION = YES;
				CLANG_WARN_OBJC_IMPLICIT_RETAIN_SELF = YES;
				CLANG_WARN_OBJC_LITERAL_CONVERSION = YES;
				CLANG_WARN_OBJC_ROOT_CLASS = YES_ERROR;
				CLANG_WARN_RANGE_LOOP_ANALYSIS = YES;
				CLANG_WARN_STRICT_PROTOTYPES = YES;
				CLANG_WARN_SUSPICIOUS_MOVE = YES;
				CLANG_WARN_UNGUARDED_AVAILABILITY = YES_AGGRESSIVE;
				CLANG_WARN_UNREACHABLE_CODE = YES;
				CLANG_WARN__DUPLICATE_METHOD_MATCH = YES;
				COPY_PHASE_STRIP = NO;
				DEBUG_INFORMATION_FORMAT = dwarf;
				ENABLE_STRICT_OBJC_MSGSEND = YES;
				ENABLE_TESTABILITY = YES;
				GCC_C_LANGUAGE_STANDARD = gnu11;
				GCC_DYNAMIC_NO_PIC = NO;
				GCC_NO_COMMON_BLOCKS = YES;
				GCC_OPTIMIZATION_LEVEL = 0;
				GCC_PREPROCESSOR_DEFINITIONS = (
					"DEBUG=1",
					"$(inherited)",
				);
				GCC_WARN_64_TO_32_BIT_CONVERSION = YES;
				GCC_WARN_ABOUT_RETURN_TYPE = YES_ERROR;
				GCC_WARN_UNDECLARED_SELECTOR = YES;
				GCC_WARN_UNINITIALIZED_AUTOS = YES_AGGRESSIVE;
				GCC_WARN_UNUSED_FUNCTION = YES;
				GCC_WARN_UNUSED_VARIABLE = YES;
				IPHONEOS_DEPLOYMENT_TARGET = 13.2;
				MTL_ENABLE_DEBUG_INFO = INCLUDE_SOURCE;
				MTL_FAST_MATH = YES;
				ONLY_ACTIVE_ARCH = YES;
				SDKROOT = iphoneos;
				SWIFT_ACTIVE_COMPILATION_CONDITIONS = DEBUG;
				SWIFT_OPTIMIZATION_LEVEL = "-Onone";
			};
			name = Debug;
		};
		AD94B63623E3BEA2004DF36D /* Release */ = {
			isa = XCBuildConfiguration;
			buildSettings = {
				ALWAYS_SEARCH_USER_PATHS = NO;
				CLANG_ANALYZER_NONNULL = YES;
				CLANG_ANALYZER_NUMBER_OBJECT_CONVERSION = YES_AGGRESSIVE;
				CLANG_CXX_LANGUAGE_STANDARD = "gnu++14";
				CLANG_CXX_LIBRARY = "libc++";
				CLANG_ENABLE_MODULES = YES;
				CLANG_ENABLE_OBJC_ARC = YES;
				CLANG_ENABLE_OBJC_WEAK = YES;
				CLANG_WARN_BLOCK_CAPTURE_AUTORELEASING = YES;
				CLANG_WARN_BOOL_CONVERSION = YES;
				CLANG_WARN_COMMA = YES;
				CLANG_WARN_CONSTANT_CONVERSION = YES;
				CLANG_WARN_DEPRECATED_OBJC_IMPLEMENTATIONS = YES;
				CLANG_WARN_DIRECT_OBJC_ISA_USAGE = YES_ERROR;
				CLANG_WARN_DOCUMENTATION_COMMENTS = YES;
				CLANG_WARN_EMPTY_BODY = YES;
				CLANG_WARN_ENUM_CONVERSION = YES;
				CLANG_WARN_INFINITE_RECURSION = YES;
				CLANG_WARN_INT_CONVERSION = YES;
				CLANG_WARN_NON_LITERAL_NULL_CONVERSION = YES;
				CLANG_WARN_OBJC_IMPLICIT_RETAIN_SELF = YES;
				CLANG_WARN_OBJC_LITERAL_CONVERSION = YES;
				CLANG_WARN_OBJC_ROOT_CLASS = YES_ERROR;
				CLANG_WARN_RANGE_LOOP_ANALYSIS = YES;
				CLANG_WARN_STRICT_PROTOTYPES = YES;
				CLANG_WARN_SUSPICIOUS_MOVE = YES;
				CLANG_WARN_UNGUARDED_AVAILABILITY = YES_AGGRESSIVE;
				CLANG_WARN_UNREACHABLE_CODE = YES;
				CLANG_WARN__DUPLICATE_METHOD_MATCH = YES;
				COPY_PHASE_STRIP = NO;
				DEBUG_INFORMATION_FORMAT = "dwarf-with-dsym";
				ENABLE_NS_ASSERTIONS = NO;
				ENABLE_STRICT_OBJC_MSGSEND = YES;
				GCC_C_LANGUAGE_STANDARD = gnu11;
				GCC_NO_COMMON_BLOCKS = YES;
				GCC_WARN_64_TO_32_BIT_CONVERSION = YES;
				GCC_WARN_ABOUT_RETURN_TYPE = YES_ERROR;
				GCC_WARN_UNDECLARED_SELECTOR = YES;
				GCC_WARN_UNINITIALIZED_AUTOS = YES_AGGRESSIVE;
				GCC_WARN_UNUSED_FUNCTION = YES;
				GCC_WARN_UNUSED_VARIABLE = YES;
				IPHONEOS_DEPLOYMENT_TARGET = 13.2;
				MTL_ENABLE_DEBUG_INFO = NO;
				MTL_FAST_MATH = YES;
				SDKROOT = iphoneos;
				SWIFT_COMPILATION_MODE = wholemodule;
				SWIFT_OPTIMIZATION_LEVEL = "-O";
				VALIDATE_PRODUCT = YES;
			};
			name = Release;
		};
		AD94B63823E3BEA2004DF36D /* Debug */ = {
			isa = XCBuildConfiguration;
			baseConfigurationReference = CFC1CC0C4A27CB44D76B102D /* Pods-MovieApplication.debug.xcconfig */;
			buildSettings = {
				ASSETCATALOG_COMPILER_APPICON_NAME = AppIcon;
				CODE_SIGN_STYLE = Automatic;
				DEVELOPMENT_TEAM = N75JT3WM6J;
				INFOPLIST_FILE = MovieApplication/Info.plist;
				LD_RUNPATH_SEARCH_PATHS = (
					"$(inherited)",
					"@executable_path/Frameworks",
				);
				PRODUCT_BUNDLE_IDENTIFIER = gumi.MovieApplication;
				PRODUCT_NAME = "$(TARGET_NAME)";
				SWIFT_VERSION = 5.0;
				TARGETED_DEVICE_FAMILY = "1,2";
			};
			name = Debug;
		};
		AD94B63923E3BEA2004DF36D /* Release */ = {
			isa = XCBuildConfiguration;
			baseConfigurationReference = 95C472B4FA5EE3BADC2C5A74 /* Pods-MovieApplication.release.xcconfig */;
			buildSettings = {
				ASSETCATALOG_COMPILER_APPICON_NAME = AppIcon;
				CODE_SIGN_STYLE = Automatic;
				DEVELOPMENT_TEAM = N75JT3WM6J;
				INFOPLIST_FILE = MovieApplication/Info.plist;
				LD_RUNPATH_SEARCH_PATHS = (
					"$(inherited)",
					"@executable_path/Frameworks",
				);
				PRODUCT_BUNDLE_IDENTIFIER = gumi.MovieApplication;
				PRODUCT_NAME = "$(TARGET_NAME)";
				SWIFT_VERSION = 5.0;
				TARGETED_DEVICE_FAMILY = "1,2";
			};
			name = Release;
		};
/* End XCBuildConfiguration section */

/* Begin XCConfigurationList section */
		AD94B61E23E3BE9C004DF36D /* Build configuration list for PBXProject "MovieApplication" */ = {
			isa = XCConfigurationList;
			buildConfigurations = (
				AD94B63523E3BEA2004DF36D /* Debug */,
				AD94B63623E3BEA2004DF36D /* Release */,
			);
			defaultConfigurationIsVisible = 0;
			defaultConfigurationName = Release;
		};
		AD94B63723E3BEA2004DF36D /* Build configuration list for PBXNativeTarget "MovieApplication" */ = {
			isa = XCConfigurationList;
			buildConfigurations = (
				AD94B63823E3BEA2004DF36D /* Debug */,
				AD94B63923E3BEA2004DF36D /* Release */,
			);
			defaultConfigurationIsVisible = 0;
			defaultConfigurationName = Release;
		};
/* End XCConfigurationList section */
	};
	rootObject = AD94B61B23E3BE9C004DF36D /* Project object */;
}
